
Microsoft Visual Studio Solution File, Format Version 12.00
# Visual Studio Version 16
VisualStudioVersion = 16.0.30804.86
MinimumVisualStudioVersion = 10.0.40219.1
Project("{FAE04EC0-301F-11D3-BF4B-00C04F79EFBC}") = "webNET1", "webNET1\webNET1.csproj", "{DFE9848C-45BF-44C1-9BA5-3A134B0BBC89}"
EndProject
Global
	GlobalSection(SolutionConfigurationPlatforms) = preSolution
		Debug|Any CPU = Debug|Any CPU
		Release|Any CPU = Release|Any CPU
	EndGlobalSection
	GlobalSection(ProjectConfigurationPlatforms) = postSolution
		{DFE9848C-45BF-44C1-9BA5-3A134B0BBC89}.Debug|Any CPU.ActiveCfg = Debug|Any CPU
		{DFE9848C-45BF-44C1-9BA5-3A134B0BBC89}.Debug|Any CPU.Build.0 = Debug|Any CPU
		{DFE9848C-45BF-44C1-9BA5-3A134B0BBC89}.Release|Any CPU.ActiveCfg = Release|Any CPU
		{DFE9848C-45BF-44C1-9BA5-3A134B0BBC89}.Release|Any CPU.Build.0 = Release|Any CPU
	EndGlobalSection
	GlobalSection(SolutionProperties) = preSolution
		HideSolutionNode = FALSE
	EndGlobalSection
	GlobalSection(ExtensibilityGlobals) = postSolution
		SolutionGuid = {23E8E2CE-1184-4FF5-BE57-A029B07F5F08}
	EndGlobalSection
EndGlobal
